
Microsoft Visual Studio Solution File, Format Version 12.00
# Visual Studio Version 16
VisualStudioVersion = 16.0.30413.136
MinimumVisualStudioVersion = 10.0.40219.1
Project("{9A19103F-16F7-4668-BE54-9A1E7A4F7556}") = "RCC.Core", "RCC.Core\RCC.Core.csproj", "{BC60CB44-EB83-44E0-A67C-497E928F987D}"
EndProject
Project("{9A19103F-16F7-4668-BE54-9A1E7A4F7556}") = "RCC.Infrastructure", "RCC.Infrastructure\RCC.Infrastructure.csproj", "{1888B481-8434-4440-9895-7894991775E7}"
EndProject
Project("{9A19103F-16F7-4668-BE54-9A1E7A4F7556}") = "RCC.UnitTests", "RCC.UnitTests\RCC.UnitTests.csproj", "{8F9E2EC2-67F3-4E13-A7C1-759BBDBF17BD}"
EndProject
Project("{9A19103F-16F7-4668-BE54-9A1E7A4F7556}") = "RCC.WebApi", "RCC.WebApi\RCC.WebApi.csproj", "{81708FEF-57D5-4984-A56C-A8263B3BB4B6}"
EndProject
Project("{FAE04EC0-301F-11D3-BF4B-00C04F79EFBC}") = "RCC.WorkerService", "RCC.WorkerService\RCC.WorkerService.csproj", "{228B62C7-9CFA-4747-9E57-1157892497A2}"
EndProject
Global
	GlobalSection(SolutionConfigurationPlatforms) = preSolution
		Debug|Any CPU = Debug|Any CPU
		Release|Any CPU = Release|Any CPU
	EndGlobalSection
	GlobalSection(ProjectConfigurationPlatforms) = postSolution
		{BC60CB44-EB83-44E0-A67C-497E928F987D}.Debug|Any CPU.ActiveCfg = Debug|Any CPU
		{BC60CB44-EB83-44E0-A67C-497E928F987D}.Debug|Any CPU.Build.0 = Debug|Any CPU
		{BC60CB44-EB83-44E0-A67C-497E928F987D}.Release|Any CPU.ActiveCfg = Release|Any CPU
		{BC60CB44-EB83-44E0-A67C-497E928F987D}.Release|Any CPU.Build.0 = Release|Any CPU
		{1888B481-8434-4440-9895-7894991775E7}.Debug|Any CPU.ActiveCfg = Debug|Any CPU
		{1888B481-8434-4440-9895-7894991775E7}.Debug|Any CPU.Build.0 = Debug|Any CPU
		{1888B481-8434-4440-9895-7894991775E7}.Release|Any CPU.ActiveCfg = Release|Any CPU
		{1888B481-8434-4440-9895-7894991775E7}.Release|Any CPU.Build.0 = Release|Any CPU
		{8F9E2EC2-67F3-4E13-A7C1-759BBDBF17BD}.Debug|Any CPU.ActiveCfg = Debug|Any CPU
		{8F9E2EC2-67F3-4E13-A7C1-759BBDBF17BD}.Debug|Any CPU.Build.0 = Debug|Any CPU
		{8F9E2EC2-67F3-4E13-A7C1-759BBDBF17BD}.Release|Any CPU.ActiveCfg = Release|Any CPU
		{8F9E2EC2-67F3-4E13-A7C1-759BBDBF17BD}.Release|Any CPU.Build.0 = Release|Any CPU
		{81708FEF-57D5-4984-A56C-A8263B3BB4B6}.Debug|Any CPU.ActiveCfg = Debug|Any CPU
		{81708FEF-57D5-4984-A56C-A8263B3BB4B6}.Debug|Any CPU.Build.0 = Debug|Any CPU
		{81708FEF-57D5-4984-A56C-A8263B3BB4B6}.Release|Any CPU.ActiveCfg = Release|Any CPU
		{81708FEF-57D5-4984-A56C-A8263B3BB4B6}.Release|Any CPU.Build.0 = Release|Any CPU
		{228B62C7-9CFA-4747-9E57-1157892497A2}.Debug|Any CPU.ActiveCfg = Debug|Any CPU
		{228B62C7-9CFA-4747-9E57-1157892497A2}.Debug|Any CPU.Build.0 = Debug|Any CPU
		{228B62C7-9CFA-4747-9E57-1157892497A2}.Release|Any CPU.ActiveCfg = Release|Any CPU
		{228B62C7-9CFA-4747-9E57-1157892497A2}.Release|Any CPU.Build.0 = Release|Any CPU
	EndGlobalSection
	GlobalSection(SolutionProperties) = preSolution
		HideSolutionNode = FALSE
	EndGlobalSection
	GlobalSection(ExtensibilityGlobals) = postSolution
		SolutionGuid = {8D35827D-BC08-4C14-8C91-4699C65876EB}
	EndGlobalSection
EndGlobal
